<?xml version="1.0" encoding="utf-8"?>
<Project ToolsVersion="4.0" xmlns="http://schemas.microsoft.com/developer/msbuild/2003">
  <ItemGroup>
    <Filter Include="Source Files">
      <UniqueIdentifier>{4FC737F1-C7A5-4376-A066-2A32D752A2FF}</UniqueIdentifier>
      <Extensions>cpp;c;cc;cxx;c++;cppm;ixx;def;odl;idl;hpj;bat;asm;asmx</Extensions>
    </Filter>
    <Filter Include="Header Files">
      <UniqueIdentifier>{93995380-89BD-4b04-88EB-625FBE52EBFB}</UniqueIdentifier>
      <Extensions>h;hh;hpp;hxx;h++;hm;inl;inc;ipp;xsd</Extensions>
    </Filter>
    <Filter Include="Resource Files">
      <UniqueIdentifier>{67DA6AB6-F800-4c08-8B7A-83BB121AAD01}</UniqueIdentifier>
      <Extensions>rc;ico;cur;bmp;dlg;rc2;rct;bin;rgs;gif;jpg;jpeg;jpe;resx;tiff;tif;png;wav;mfcribbon-ms</Extensions>
    </Filter>
    <Filter Include="Header Files\App">
      <UniqueIdentifier>{195FDC79-7ED0-4D76-A784-DF1573CEBFC0}</UniqueIdentifier>
    </Filter>
    <Filter Include="Header Files\Common">
      <UniqueIdentifier>{4A14B113-2C8E-464A-9FE8-97E9E8BFA62E}</UniqueIdentifier>
    </Filter>
    <Filter Include="Header Files\Models">
      <UniqueIdentifier>{CD06E725-C1AA-4C55-A6DF-AE5E1D8D4055}</UniqueIdentifier>
    </Filter>
    <Filter Include="Header Files\Structures">
      <UniqueIdentifier>{F9EF38A6-B8D7-4AC3-99F2-4F15921A7A9C}</UniqueIdentifier>
    </Filter>
    <Filter Include="Header Files\Tests">
      <UniqueIdentifier>{492662CC-44C4-472E-A87A-2AA86B8A9505}</UniqueIdentifier>
    </Filter>
    <Filter Include="Source Files\App">
      <UniqueIdentifier>{5D9FD95C-55B5-4372-B9E6-46A1E5C1711C}</UniqueIdentifier>
    </Filter>
    <Filter Include="Source Files\Common">
      <UniqueIdentifier>{DCBFC5C8-6A08-48F0-BAAB-62725E652279}</UniqueIdentifier>
    </Filter>
    <Filter Include="Source Files\Models">
      <UniqueIdentifier>{0A5C3441-87E6-4D80-9FDF-FF53F3B4D387}</UniqueIdentifier>
    </Filter>
    <Filter Include="Source Files\Structures">
      <UniqueIdentifier>{8562DB31-B3CA-41DB-B145-BA58D0A87C7C}</UniqueIdentifier>
    </Filter>
    <Filter Include="Source Files\Tests">
      <UniqueIdentifier>{939FEF7F-C237-446E-A35B-591474E2E120}</UniqueIdentifier>
    </Filter>
  </ItemGroup>
  <ItemGroup>
    <ClCompile Include="src\app\main.cpp">
      <Filter>Source Files\App</Filter>
    </ClCompile>
    <ClCompile Include="src\app\manager.cpp">
      <Filter>Source Files\App</Filter>
    </ClCompile>
    <ClCompile Include="src\common\container_exception.cpp">
      <Filter>Source Files\Common</Filter>
    </ClCompile>
    <ClCompile Include="src\common\difficulty.cpp">
      <Filter>Source Files\Common</Filter>
    </ClCompile>
    <ClCompile Include="src\models\audio_book.cpp">
      <Filter>Source Files\Models</Filter>
    </ClCompile>
    <ClCompile Include="src\models\price_info.cpp">
      <Filter>Source Files\Models</Filter>
    </ClCompile>
    <ClCompile Include="src\models\print_book.cpp">
      <Filter>Source Files\Models</Filter>
    </ClCompile>
    <ClCompile Include="src\models\reading_item.cpp">
      <Filter>Source Files\Models</Filter>
    </ClCompile>
    <ClCompile Include="src\structures\reading_item_list.cpp">
      <Filter>Source Files\Structures</Filter>
    </ClCompile>
    <ClCompile Include="tests\linked_list_tests.cpp">
      <Filter>Source Files\Tests</Filter>
    </ClCompile>
    <ClCompile Include="tests\manager_tests.cpp">
      <Filter>Source Files\Tests</Filter>
    </ClCompile>
    <ClCompile Include="tests\reading_item_tests.cpp">
      <Filter>Source Files\Tests</Filter>
    </ClCompile>
    <ClCompile Include="tests\test_main.cpp">
      <Filter>Source Files\Tests</Filter>
    </ClCompile>
  </ItemGroup>
  <ItemGroup>
    <ClInclude Include="include\book_tracker.h">
      <Filter>Header Files</Filter>
    </ClInclude>
    <ClInclude Include="include\app\manager.h">
      <Filter>Header Files\App</Filter>
    </ClInclude>
    <ClInclude Include="include\common\container_exception.h">
      <Filter>Header Files\Common</Filter>
    </ClInclude>
    <ClInclude Include="include\common\difficulty.h">
      <Filter>Header Files\Common</Filter>
    </ClInclude>
    <ClInclude Include="include\common\safe_divide.h">
      <Filter>Header Files\Common</Filter>
    </ClInclude>
    <ClInclude Include="include\models\audio_book.h">
      <Filter>Header Files\Models</Filter>
    </ClInclude>
    <ClInclude Include="include\models\price_info.h">
      <Filter>Header Files\Models</Filter>
    </ClInclude>
    <ClInclude Include="include\models\print_book.h">
      <Filter>Header Files\Models</Filter>
    </ClInclude>
    <ClInclude Include="include\models\reading_item.h">
      <Filter>Header Files\Models</Filter>
    </ClInclude>
    <ClInclude Include="include\structures\reading_item_list.h">
      <Filter>Header Files\Structures</Filter>
    </ClInclude>
    <ClInclude Include="tests\support\test_headers.h">
      <Filter>Header Files\Tests</Filter>
    </ClInclude>
  </ItemGroup>
  <ItemGroup>
    <None Include="README.md" />
    <None Include="ClassDiagram.cd" />
    <None Include="ClassDiagram.md" />
  </ItemGroup>
</Project>
